
Microsoft Visual Studio Solution File, Format Version 12.00
# Visual Studio Version 17
VisualStudioVersion = 17.0.31912.275
MinimumVisualStudioVersion = 10.0.40219.1
Project("{9A19103F-16F7-4668-BE54-9A1E7A4F7556}") = "BlazorPeliculas.Server", "BlazorPeliculas\Server\BlazorPeliculas.Server.csproj", "{837CA240-7349-49BE-960F-A7514E1A6F57}"
EndProject
Project("{9A19103F-16F7-4668-BE54-9A1E7A4F7556}") = "BlazorPeliculas.Client", "BlazorPeliculas\Client\BlazorPeliculas.Client.csproj", "{4CB41DBC-8492-4DCC-A8C8-F320770F4922}"
EndProject
Project("{9A19103F-16F7-4668-BE54-9A1E7A4F7556}") = "BlazorPeliculas.Shared", "BlazorPeliculas\Shared\BlazorPeliculas.Shared.csproj", "{E8395356-531D-4D3A-9E98-F33F7A7B013B}"
EndProject
Global
	GlobalSection(SolutionConfigurationPlatforms) = preSolution
		Debug|Any CPU = Debug|Any CPU
		Release|Any CPU = Release|Any CPU
	EndGlobalSection
	GlobalSection(ProjectConfigurationPlatforms) = postSolution
		{837CA240-7349-49BE-960F-A7514E1A6F57}.Debug|Any CPU.ActiveCfg = Debug|Any CPU
		{837CA240-7349-49BE-960F-A7514E1A6F57}.Debug|Any CPU.Build.0 = Debug|Any CPU
		{837CA240-7349-49BE-960F-A7514E1A6F57}.Release|Any CPU.ActiveCfg = Release|Any CPU
		{837CA240-7349-49BE-960F-A7514E1A6F57}.Release|Any CPU.Build.0 = Release|Any CPU
		{4CB41DBC-8492-4DCC-A8C8-F320770F4922}.Debug|Any CPU.ActiveCfg = Debug|Any CPU
		{4CB41DBC-8492-4DCC-A8C8-F320770F4922}.Debug|Any CPU.Build.0 = Debug|Any CPU
		{4CB41DBC-8492-4DCC-A8C8-F320770F4922}.Release|Any CPU.ActiveCfg = Release|Any CPU
		{4CB41DBC-8492-4DCC-A8C8-F320770F4922}.Release|Any CPU.Build.0 = Release|Any CPU
		{E8395356-531D-4D3A-9E98-F33F7A7B013B}.Debug|Any CPU.ActiveCfg = Debug|Any CPU
		{E8395356-531D-4D3A-9E98-F33F7A7B013B}.Debug|Any CPU.Build.0 = Debug|Any CPU
		{E8395356-531D-4D3A-9E98-F33F7A7B013B}.Release|Any CPU.ActiveCfg = Release|Any CPU
		{E8395356-531D-4D3A-9E98-F33F7A7B013B}.Release|Any CPU.Build.0 = Release|Any CPU
	EndGlobalSection
	GlobalSection(SolutionProperties) = preSolution
		HideSolutionNode = FALSE
	EndGlobalSection
	GlobalSection(ExtensibilityGlobals) = postSolution
		SolutionGuid = {2BA6829B-5545-4FCC-8591-4B6EC73C07D6}
	EndGlobalSection
EndGlobal
